// !$*UTF8*$!
{
	archiveVersion = 1;
	classes = {
	};
	objectVersion = 56;
	objects = {

/* Begin PBXBuildFile section */
		BD21EC7E2A8BF5F800D33EDD /* KlarityApp.swift in Sources */ = {isa = PBXBuildFile; fileRef = BD21EC7D2A8BF5F800D33EDD /* KlarityApp.swift */; };
		BD21EC802A8BF5F800D33EDD /* ContentView.swift in Sources */ = {isa = PBXBuildFile; fileRef = BD21EC7F2A8BF5F800D33EDD /* ContentView.swift */; };
		BD21EC822A8BF5F900D33EDD /* Assets.xcassets in Resources */ = {isa = PBXBuildFile; fileRef = BD21EC812A8BF5F900D33EDD /* Assets.xcassets */; };
		BD21EC852A8BF5F900D33EDD /* Preview Assets.xcassets in Resources */ = {isa = PBXBuildFile; fileRef = BD21EC842A8BF5F900D33EDD /* Preview Assets.xcassets */; };
		BDB225682A8BF845007E1FC4 /* Journal.swift in Sources */ = {isa = PBXBuildFile; fileRef = BDB225672A8BF845007E1FC4 /* Journal.swift */; };
		BDB2256A2A8BF85C007E1FC4 /* ToDoList.swift in Sources */ = {isa = PBXBuildFile; fileRef = BDB225692A8BF85C007E1FC4 /* ToDoList.swift */; };
		BDB2256C2A8BF869007E1FC4 /* Affirmations.swift in Sources */ = {isa = PBXBuildFile; fileRef = BDB2256B2A8BF869007E1FC4 /* Affirmations.swift */; };
		BDB2256E2A8BF877007E1FC4 /* Breathing.swift in Sources */ = {isa = PBXBuildFile; fileRef = BDB2256D2A8BF877007E1FC4 /* Breathing.swift */; };
/* End PBXBuildFile section */

/* Begin PBXFileReference section */
		BD21EC7A2A8BF5F800D33EDD /* Klarity.app */ = {isa = PBXFileReference; explicitFileType = wrapper.application; includeInIndex = 0; path = Klarity.app; sourceTree = BUILT_PRODUCTS_DIR; };
		BD21EC7D2A8BF5F800D33EDD /* KlarityApp.swift */ = {isa = PBXFileReference; lastKnownFileType = sourcecode.swift; path = KlarityApp.swift; sourceTree = "<group>"; };
		BD21EC7F2A8BF5F800D33EDD /* ContentView.swift */ = {isa = PBXFileReference; lastKnownFileType = sourcecode.swift; path = ContentView.swift; sourceTree = "<group>"; };
		BD21EC812A8BF5F900D33EDD /* Assets.xcassets */ = {isa = PBXFileReference; lastKnownFileType = folder.assetcatalog; path = Assets.xcassets; sourceTree = "<group>"; };
		BD21EC842A8BF5F900D33EDD /* Preview Assets.xcassets */ = {isa = PBXFileReference; lastKnownFileType = folder.assetcatalog; path = "Preview Assets.xcassets"; sourceTree = "<group>"; };
		BDB225672A8BF845007E1FC4 /* Journal.swift */ = {isa = PBXFileReference; lastKnownFileType = sourcecode.swift; path = Journal.swift; sourceTree = "<group>"; };
		BDB225692A8BF85C007E1FC4 /* ToDoList.swift */ = {isa = PBXFileReference; lastKnownFileType = sourcecode.swift; path = ToDoList.swift; sourceTree = "<group>"; };
		BDB2256B2A8BF869007E1FC4 /* Affirmations.swift */ = {isa = PBXFileReference; lastKnownFileType = sourcecode.swift; path = Affirmations.swift; sourceTree = "<group>"; };
		BDB2256D2A8BF877007E1FC4 /* Breathing.swift */ = {isa = PBXFileReference; lastKnownFileType = sourcecode.swift; path = Breathing.swift; sourceTree = "<group>"; };
/* End PBXFileReference section */

/* Begin PBXFrameworksBuildPhase section */
		BD21EC772A8BF5F800D33EDD /* Frameworks */ = {
			isa = PBXFrameworksBuildPhase;
			buildActionMask = 2147483647;
			files = (
			);
			runOnlyForDeploymentPostprocessing = 0;
		};
/* End PBXFrameworksBuildPhase section */

/* Begin PBXGroup section */
		BD21EC712A8BF5F800D33EDD = {
			isa = PBXGroup;
			children = (
				BD21EC7C2A8BF5F800D33EDD /* Klarity */,
				BD21EC7B2A8BF5F800D33EDD /* Products */,
			);
			sourceTree = "<group>";
		};
		BD21EC7B2A8BF5F800D33EDD /* Products */ = {
			isa = PBXGroup;
			children = (
				BD21EC7A2A8BF5F800D33EDD /* Klarity.app */,
			);
			name = Products;
			sourceTree = "<group>";
		};
		BD21EC7C2A8BF5F800D33EDD /* Klarity */ = {
			isa = PBXGroup;
			children = (
				BD21EC7D2A8BF5F800D33EDD /* KlarityApp.swift */,
				BD21EC7F2A8BF5F800D33EDD /* ContentView.swift */,
				BDB225672A8BF845007E1FC4 /* Journal.swift */,
				BDB225692A8BF85C007E1FC4 /* ToDoList.swift */,
				BDB2256B2A8BF869007E1FC4 /* Affirmations.swift */,
				BDB2256D2A8BF877007E1FC4 /* Breathing.swift */,
				BD21EC812A8BF5F900D33EDD /* Assets.xcassets */,
				BD21EC832A8BF5F900D33EDD /* Preview Content */,
			);
			path = Klarity;
			sourceTree = "<group>";
		};
		BD21EC832A8BF5F900D33EDD /* Preview Content */ = {
			isa = PBXGroup;
			children = (
				BD21EC842A8BF5F900D33EDD /* Preview Assets.xcassets */,
			);
			path = "Preview Content";
			sourceTree = "<group>";
		};
/* End PBXGroup section */

/* Begin PBXNativeTarget section */
		BD21EC792A8BF5F800D33EDD /* Klarity */ = {
			isa = PBXNativeTarget;
			buildConfigurationList = BD21EC882A8BF5F900D33EDD /* Build configuration list for PBXNativeTarget "Klarity" */;
			buildPhases = (
				BD21EC762A8BF5F800D33EDD /* Sources */,
				BD21EC772A8BF5F800D33EDD /* Frameworks */,
				BD21EC782A8BF5F800D33EDD /* Resources */,
			);
			buildRules = (
			);
			dependencies = (
			);
			name = Klarity;
			productName = Klarity;
			productReference = BD21EC7A2A8BF5F800D33EDD /* Klarity.app */;
			productType = "com.apple.product-type.application";
		};
/* End PBXNativeTarget section */

/* Begin PBXProject section */
		BD21EC722A8BF5F800D33EDD /* Project object */ = {
			isa = PBXProject;
			attributes = {
				BuildIndependentTargetsInParallel = 1;
				LastSwiftUpdateCheck = 1430;
				LastUpgradeCheck = 1430;
				TargetAttributes = {
					BD21EC792A8BF5F800D33EDD = {
						CreatedOnToolsVersion = 14.3.1;
					};
				};
			};
			buildConfigurationList = BD21EC752A8BF5F800D33EDD /* Build configuration list for PBXProject "Klarity" */;
			compatibilityVersion = "Xcode 14.0";
			developmentRegion = en;
			hasScannedForEncodings = 0;
			knownRegions = (
				en,
				Base,
			);
			mainGroup = BD21EC712A8BF5F800D33EDD;
			productRefGroup = BD21EC7B2A8BF5F800D33EDD /* Products */;
			projectDirPath = "";
			projectRoot = "";
			targets = (
				BD21EC792A8BF5F800D33EDD /* Klarity */,
			);
		};
/* End PBXProject section */

/* Begin PBXResourcesBuildPhase section */
		BD21EC782A8BF5F800D33EDD /* Resources */ = {
			isa = PBXResourcesBuildPhase;
			buildActionMask = 2147483647;
			files = (
				BD21EC852A8BF5F900D33EDD /* Preview Assets.xcassets in Resources */,
				BD21EC822A8BF5F900D33EDD /* Assets.xcassets in Resources */,
			);
			runOnlyForDeploymentPostprocessing = 0;
		};
/* End PBXResourcesBuildPhase section */

/* Begin PBXSourcesBuildPhase section */
		BD21EC762A8BF5F800D33EDD /* Sources */ = {
			isa = PBXSourcesBuildPhase;
			buildActionMask = 2147483647;
			files = (
				BD21EC802A8BF5F800D33EDD /* ContentView.swift in Sources */,
				BD21EC7E2A8BF5F800D33EDD /* KlarityApp.swift in Sources */,
				BDB2256E2A8BF877007E1FC4 /* Breathing.swift in Sources */,
				BDB225682A8BF845007E1FC4 /* Journal.swift in Sources */,
				BDB2256C2A8BF869007E1FC4 /* Affirmations.swift in Sources */,
				BDB2256A2A8BF85C007E1FC4 /* ToDoList.swift in Sources */,
			);
			runOnlyForDeploymentPostprocessing = 0;
		};
/* End PBXSourcesBuildPhase section */

/* Begin XCBuildConfiguration section */
		BD21EC862A8BF5F900D33EDD /* Debug */ = {
			isa = XCBuildConfiguration;
			buildSettings = {
				ALWAYS_SEARCH_USER_PATHS = NO;
				CLANG_ANALYZER_NONNULL = YES;
				CLANG_ANALYZER_NUMBER_OBJECT_CONVERSION = YES_AGGRESSIVE;
				CLANG_CXX_LANGUAGE_STANDARD = "gnu++20";
				CLANG_ENABLE_MODULES = YES;
				CLANG_ENABLE_OBJC_ARC = YES;
				CLANG_ENABLE_OBJC_WEAK = YES;
				CLANG_WARN_BLOCK_CAPTURE_AUTORELEASING = YES;
				CLANG_WARN_BOOL_CONVERSION = YES;
				CLANG_WARN_COMMA = YES;
				CLANG_WARN_CONSTANT_CONVERSION = YES;
				CLANG_WARN_DEPRECATED_OBJC_IMPLEMENTATIONS = YES;
				CLANG_WARN_DIRECT_OBJC_ISA_USAGE = YES_ERROR;
				CLANG_WARN_DOCUMENTATION_COMMENTS = YES;
				CLANG_WARN_EMPTY_BODY = YES;
				CLANG_WARN_ENUM_CONVERSION = YES;
				CLANG_WARN_INFINITE_RECURSION = YES;
				CLANG_WARN_INT_CONVERSION = YES;
				CLANG_WARN_NON_LITERAL_NULL_CONVERSION = YES;
				CLANG_WARN_OBJC_IMPLICIT_RETAIN_SELF = YES;
				CLANG_WARN_OBJC_LITERAL_CONVERSION = YES;
				CLANG_WARN_OBJC_ROOT_CLASS = YES_ERROR;
				CLANG_WARN_QUOTED_INCLUDE_IN_FRAMEWORK_HEADER = YES;
				CLANG_WARN_RANGE_LOOP_ANALYSIS = YES;
				CLANG_WARN_STRICT_PROTOTYPES = YES;
				CLANG_WARN_SUSPICIOUS_MOVE = YES;
				CLANG_WARN_UNGUARDED_AVAILABILITY = YES_AGGRESSIVE;
				CLANG_WARN_UNREACHABLE_CODE = YES;
				CLANG_WARN__DUPLICATE_METHOD_MATCH = YES;
				COPY_PHASE_STRIP = NO;
				DEBUG_INFORMATION_FORMAT = dwarf;
				ENABLE_STRICT_OBJC_MSGSEND = YES;
				ENABLE_TESTABILITY = YES;
				GCC_C_LANGUAGE_STANDARD = gnu11;
				GCC_DYNAMIC_NO_PIC = NO;
				GCC_NO_COMMON_BLOCKS = YES;
				GCC_OPTIMIZATION_LEVEL = 0;
				GCC_PREPROCESSOR_DEFINITIONS = (
					"DEBUG=1",
					"$(inherited)",
				);
				GCC_WARN_64_TO_32_BIT_CONVERSION = YES;
				GCC_WARN_ABOUT_RETURN_TYPE = YES_ERROR;
				GCC_WARN_UNDECLARED_SELECTOR = YES;
				GCC_WARN_UNINITIALIZED_AUTOS = YES_AGGRESSIVE;
				GCC_WARN_UNUSED_FUNCTION = YES;
				GCC_WARN_UNUSED_VARIABLE = YES;
				IPHONEOS_DEPLOYMENT_TARGET = 16.4;
				MTL_ENABLE_DEBUG_INFO = INCLUDE_SOURCE;
				MTL_FAST_MATH = YES;
				ONLY_ACTIVE_ARCH = YES;
				SDKROOT = iphoneos;
				SWIFT_ACTIVE_COMPILATION_CONDITIONS = DEBUG;
				SWIFT_OPTIMIZATION_LEVEL = "-Onone";
			};
			name = Debug;
		};
		BD21EC872A8BF5F900D33EDD /* Release */ = {
			isa = XCBuildConfiguration;
			buildSettings = {
				ALWAYS_SEARCH_USER_PATHS = NO;
				CLANG_ANALYZER_NONNULL = YES;
				CLANG_ANALYZER_NUMBER_OBJECT_CONVERSION = YES_AGGRESSIVE;
				CLANG_CXX_LANGUAGE_STANDARD = "gnu++20";
				CLANG_ENABLE_MODULES = YES;
				CLANG_ENABLE_OBJC_ARC = YES;
				CLANG_ENABLE_OBJC_WEAK = YES;
				CLANG_WARN_BLOCK_CAPTURE_AUTORELEASING = YES;
				CLANG_WARN_BOOL_CONVERSION = YES;
				CLANG_WARN_COMMA = YES;
				CLANG_WARN_CONSTANT_CONVERSION = YES;
				CLANG_WARN_DEPRECATED_OBJC_IMPLEMENTATIONS = YES;
				CLANG_WARN_DIRECT_OBJC_ISA_USAGE = YES_ERROR;
				CLANG_WARN_DOCUMENTATION_COMMENTS = YES;
				CLANG_WARN_EMPTY_BODY = YES;
				CLANG_WARN_ENUM_CONVERSION = YES;
				CLANG_WARN_INFINITE_RECURSION = YES;
				CLANG_WARN_INT_CONVERSION = YES;
				CLANG_WARN_NON_LITERAL_NULL_CONVERSION = YES;
				CLANG_WARN_OBJC_IMPLICIT_RETAIN_SELF = YES;
				CLANG_WARN_OBJC_LITERAL_CONVERSION = YES;
				CLANG_WARN_OBJC_ROOT_CLASS = YES_ERROR;
				CLANG_WARN_QUOTED_INCLUDE_IN_FRAMEWORK_HEADER = YES;
				CLANG_WARN_RANGE_LOOP_ANALYSIS = YES;
				CLANG_WARN_STRICT_PROTOTYPES = YES;
				CLANG_WARN_SUSPICIOUS_MOVE = YES;
				CLANG_WARN_UNGUARDED_AVAILABILITY = YES_AGGRESSIVE;
				CLANG_WARN_UNREACHABLE_CODE = YES;
				CLANG_WARN__DUPLICATE_METHOD_MATCH = YES;
				COPY_PHASE_STRIP = NO;
				DEBUG_INFORMATION_FORMAT = "dwarf-with-dsym";
				ENABLE_NS_ASSERTIONS = NO;
				ENABLE_STRICT_OBJC_MSGSEND = YES;
				GCC_C_LANGUAGE_STANDARD = gnu11;
				GCC_NO_COMMON_BLOCKS = YES;
				GCC_WARN_64_TO_32_BIT_CONVERSION = YES;
				GCC_WARN_ABOUT_RETURN_TYPE = YES_ERROR;
				GCC_WARN_UNDECLARED_SELECTOR = YES;
				GCC_WARN_UNINITIALIZED_AUTOS = YES_AGGRESSIVE;
				GCC_WARN_UNUSED_FUNCTION = YES;
				GCC_WARN_UNUSED_VARIABLE = YES;
				IPHONEOS_DEPLOYMENT_TARGET = 16.4;
				MTL_ENABLE_DEBUG_INFO = NO;
				MTL_FAST_MATH = YES;
				SDKROOT = iphoneos;
				SWIFT_COMPILATION_MODE = wholemodule;
				SWIFT_OPTIMIZATION_LEVEL = "-O";
				VALIDATE_PRODUCT = YES;
			};
			name = Release;
		};
		BD21EC892A8BF5F900D33EDD /* Debug */ = {
			isa = XCBuildConfiguration;
			buildSettings = {
				ASSETCATALOG_COMPILER_APPICON_NAME = AppIcon;
				ASSETCATALOG_COMPILER_GLOBAL_ACCENT_COLOR_NAME = AccentColor;
				CODE_SIGN_STYLE = Automatic;
				CURRENT_PROJECT_VERSION = 1;
				DEVELOPMENT_ASSET_PATHS = "\"Klarity/Preview Content\"";
				ENABLE_PREVIEWS = YES;
				GENERATE_INFOPLIST_FILE = YES;
				INFOPLIST_KEY_UIApplicationSceneManifest_Generation = YES;
				INFOPLIST_KEY_UIApplicationSupportsIndirectInputEvents = YES;
				INFOPLIST_KEY_UILaunchScreen_Generation = YES;
				INFOPLIST_KEY_UISupportedInterfaceOrientations_iPad = "UIInterfaceOrientationPortrait UIInterfaceOrientationPortraitUpsideDown UIInterfaceOrientationLandscapeLeft UIInterfaceOrientationLandscapeRight";
				INFOPLIST_KEY_UISupportedInterfaceOrientations_iPhone = "UIInterfaceOrientationPortrait UIInterfaceOrientationLandscapeLeft UIInterfaceOrientationLandscapeRight";
				LD_RUNPATH_SEARCH_PATHS = (
					"$(inherited)",
					"@executable_path/Frameworks",
				);
				MARKETING_VERSION = 1.0;
				PRODUCT_BUNDLE_IDENTIFIER = KWK.Klarity;
				PRODUCT_NAME = "$(TARGET_NAME)";
				SWIFT_EMIT_LOC_STRINGS = YES;
				SWIFT_VERSION = 5.0;
				TARGETED_DEVICE_FAMILY = "1,2";
			};
			name = Debug;
		};
		BD21EC8A2A8BF5F900D33EDD /* Release */ = {
			isa = XCBuildConfiguration;
			buildSettings = {
				ASSETCATALOG_COMPILER_APPICON_NAME = AppIcon;
				ASSETCATALOG_COMPILER_GLOBAL_ACCENT_COLOR_NAME = AccentColor;
				CODE_SIGN_STYLE = Automatic;
				CURRENT_PROJECT_VERSION = 1;
				DEVELOPMENT_ASSET_PATHS = "\"Klarity/Preview Content\"";
				ENABLE_PREVIEWS = YES;
				GENERATE_INFOPLIST_FILE = YES;
				INFOPLIST_KEY_UIApplicationSceneManifest_Generation = YES;
				INFOPLIST_KEY_UIApplicationSupportsIndirectInputEvents = YES;
				INFOPLIST_KEY_UILaunchScreen_Generation = YES;
				INFOPLIST_KEY_UISupportedInterfaceOrientations_iPad = "UIInterfaceOrientationPortrait UIInterfaceOrientationPortraitUpsideDown UIInterfaceOrientationLandscapeLeft UIInterfaceOrientationLandscapeRight";
				INFOPLIST_KEY_UISupportedInterfaceOrientations_iPhone = "UIInterfaceOrientationPortrait UIInterfaceOrientationLandscapeLeft UIInterfaceOrientationLandscapeRight";
				LD_RUNPATH_SEARCH_PATHS = (
					"$(inherited)",
					"@executable_path/Frameworks",
				);
				MARKETING_VERSION = 1.0;
				PRODUCT_BUNDLE_IDENTIFIER = KWK.Klarity;
				PRODUCT_NAME = "$(TARGET_NAME)";
				SWIFT_EMIT_LOC_STRINGS = YES;
				SWIFT_VERSION = 5.0;
				TARGETED_DEVICE_FAMILY = "1,2";
			};
			name = Release;
		};
/* End XCBuildConfiguration section */

/* Begin XCConfigurationList section */
		BD21EC752A8BF5F800D33EDD /* Build configuration list for PBXProject "Klarity" */ = {
			isa = XCConfigurationList;
			buildConfigurations = (
				BD21EC862A8BF5F900D33EDD /* Debug */,
				BD21EC872A8BF5F900D33EDD /* Release */,
			);
			defaultConfigurationIsVisible = 0;
			defaultConfigurationName = Release;
		};
		BD21EC882A8BF5F900D33EDD /* Build configuration list for PBXNativeTarget "Klarity" */ = {
			isa = XCConfigurationList;
			buildConfigurations = (
				BD21EC892A8BF5F900D33EDD /* Debug */,
				BD21EC8A2A8BF5F900D33EDD /* Release */,
			);
			defaultConfigurationIsVisible = 0;
			defaultConfigurationName = Release;
		};
/* End XCConfigurationList section */
	};
	rootObject = BD21EC722A8BF5F800D33EDD /* Project object */;
}
